
Microsoft Visual Studio Solution File, Format Version 12.00
# Visual Studio Version 16
VisualStudioVersion = 16.0.29609.76
MinimumVisualStudioVersion = 10.0.40219.1
Project("{8BC9CEB8-8B4A-11D0-8D11-00A0C91BC942}") = "exc5", "exc5\exc5.vcxproj", "{DE71924B-C52D-44A0-8403-12C6D2ADA79C}"
EndProject
Global
	GlobalSection(SolutionConfigurationPlatforms) = preSolution
		Debug|x64 = Debug|x64
		Debug|x86 = Debug|x86
		Release|x64 = Release|x64
		Release|x86 = Release|x86
	EndGlobalSection
	GlobalSection(ProjectConfigurationPlatforms) = postSolution
		{DE71924B-C52D-44A0-8403-12C6D2ADA79C}.Debug|x64.ActiveCfg = Debug|x64
		{DE71924B-C52D-44A0-8403-12C6D2ADA79C}.Debug|x64.Build.0 = Debug|x64
		{DE71924B-C52D-44A0-8403-12C6D2ADA79C}.Debug|x86.ActiveCfg = Debug|Win32
		{DE71924B-C52D-44A0-8403-12C6D2ADA79C}.Debug|x86.Build.0 = Debug|Win32
		{DE71924B-C52D-44A0-8403-12C6D2ADA79C}.Release|x64.ActiveCfg = Release|x64
		{DE71924B-C52D-44A0-8403-12C6D2ADA79C}.Release|x64.Build.0 = Release|x64
		{DE71924B-C52D-44A0-8403-12C6D2ADA79C}.Release|x86.ActiveCfg = Release|Win32
		{DE71924B-C52D-44A0-8403-12C6D2ADA79C}.Release|x86.Build.0 = Release|Win32
	EndGlobalSection
	GlobalSection(SolutionProperties) = preSolution
		HideSolutionNode = FALSE
	EndGlobalSection
	GlobalSection(ExtensibilityGlobals) = postSolution
		SolutionGuid = {D8A04988-934B-4B75-AC87-B82DC6F1C38D}
	EndGlobalSection
EndGlobal
